
Microsoft Visual Studio Solution File, Format Version 12.00
# Visual Studio 15
VisualStudioVersion = 15.0.26430.6
MinimumVisualStudioVersion = 10.0.40219.1
Project("{FAE04EC0-301F-11D3-BF4B-00C04F79EFBC}") = "CxUserProject.API", "CxUserProject.API\CxUserProject.API.csproj", "{C364B09F-1B9B-455C-822A-5458D378079B}"
EndProject
Project("{FAE04EC0-301F-11D3-BF4B-00C04F79EFBC}") = "CxUserProject.BLL", "CxUserProject.BLL\CxUserProject.BLL.csproj", "{A5B8E895-1633-47E8-A399-459E506AB14E}"
EndProject
Project("{2150E333-8FDC-42A3-9474-1A3956D46DE8}") = "Core", "Core", "{3023FBB6-E11D-458B-9DA1-53C760623876}"
EndProject
Project("{FAE04EC0-301F-11D3-BF4B-00C04F79EFBC}") = "CxUserProject.Interface", "CxUserProject.Interface\CxUserProject.Interface.csproj", "{9BBE2D13-7490-4835-9718-7F94B8DD467C}"
EndProject
Project("{FAE04EC0-301F-11D3-BF4B-00C04F79EFBC}") = "CxUserProject.Model", "CxUserProject.Model\CxUserProject.Model.csproj", "{2CE8742C-FF67-4755-A2E6-FE01B536D367}"
EndProject
Project("{FAE04EC0-301F-11D3-BF4B-00C04F79EFBC}") = "CxUserProject.ReferenceEnum", "CxUserProject.ReferenceEnum\CxUserProject.ReferenceEnum.csproj", "{F5D31920-F7F7-4107-A1B8-0C9376E3ED57}"
EndProject
Project("{FAE04EC0-301F-11D3-BF4B-00C04F79EFBC}") = "CxUserProject.DB", "CxUserProject.DB\CxUserProject.DB.csproj", "{6EE59380-74C7-4CEB-A6E7-FDE7DFE7106A}"
EndProject
Global
	GlobalSection(SolutionConfigurationPlatforms) = preSolution
		Debug|Any CPU = Debug|Any CPU
		Release|Any CPU = Release|Any CPU
	EndGlobalSection
	GlobalSection(ProjectConfigurationPlatforms) = postSolution
		{C364B09F-1B9B-455C-822A-5458D378079B}.Debug|Any CPU.ActiveCfg = Debug|Any CPU
		{C364B09F-1B9B-455C-822A-5458D378079B}.Debug|Any CPU.Build.0 = Debug|Any CPU
		{C364B09F-1B9B-455C-822A-5458D378079B}.Release|Any CPU.ActiveCfg = Release|Any CPU
		{C364B09F-1B9B-455C-822A-5458D378079B}.Release|Any CPU.Build.0 = Release|Any CPU
		{A5B8E895-1633-47E8-A399-459E506AB14E}.Debug|Any CPU.ActiveCfg = Debug|Any CPU
		{A5B8E895-1633-47E8-A399-459E506AB14E}.Debug|Any CPU.Build.0 = Debug|Any CPU
		{A5B8E895-1633-47E8-A399-459E506AB14E}.Release|Any CPU.ActiveCfg = Release|Any CPU
		{A5B8E895-1633-47E8-A399-459E506AB14E}.Release|Any CPU.Build.0 = Release|Any CPU
		{9BBE2D13-7490-4835-9718-7F94B8DD467C}.Debug|Any CPU.ActiveCfg = Debug|Any CPU
		{9BBE2D13-7490-4835-9718-7F94B8DD467C}.Debug|Any CPU.Build.0 = Debug|Any CPU
		{9BBE2D13-7490-4835-9718-7F94B8DD467C}.Release|Any CPU.ActiveCfg = Release|Any CPU
		{9BBE2D13-7490-4835-9718-7F94B8DD467C}.Release|Any CPU.Build.0 = Release|Any CPU
		{2CE8742C-FF67-4755-A2E6-FE01B536D367}.Debug|Any CPU.ActiveCfg = Debug|Any CPU
		{2CE8742C-FF67-4755-A2E6-FE01B536D367}.Debug|Any CPU.Build.0 = Debug|Any CPU
		{2CE8742C-FF67-4755-A2E6-FE01B536D367}.Release|Any CPU.ActiveCfg = Release|Any CPU
		{2CE8742C-FF67-4755-A2E6-FE01B536D367}.Release|Any CPU.Build.0 = Release|Any CPU
		{F5D31920-F7F7-4107-A1B8-0C9376E3ED57}.Debug|Any CPU.ActiveCfg = Debug|Any CPU
		{F5D31920-F7F7-4107-A1B8-0C9376E3ED57}.Debug|Any CPU.Build.0 = Debug|Any CPU
		{F5D31920-F7F7-4107-A1B8-0C9376E3ED57}.Release|Any CPU.ActiveCfg = Release|Any CPU
		{F5D31920-F7F7-4107-A1B8-0C9376E3ED57}.Release|Any CPU.Build.0 = Release|Any CPU
		{6EE59380-74C7-4CEB-A6E7-FDE7DFE7106A}.Debug|Any CPU.ActiveCfg = Debug|Any CPU
		{6EE59380-74C7-4CEB-A6E7-FDE7DFE7106A}.Debug|Any CPU.Build.0 = Debug|Any CPU
		{6EE59380-74C7-4CEB-A6E7-FDE7DFE7106A}.Release|Any CPU.ActiveCfg = Release|Any CPU
		{6EE59380-74C7-4CEB-A6E7-FDE7DFE7106A}.Release|Any CPU.Build.0 = Release|Any CPU
	EndGlobalSection
	GlobalSection(SolutionProperties) = preSolution
		HideSolutionNode = FALSE
	EndGlobalSection
	GlobalSection(NestedProjects) = preSolution
		{9BBE2D13-7490-4835-9718-7F94B8DD467C} = {3023FBB6-E11D-458B-9DA1-53C760623876}
		{2CE8742C-FF67-4755-A2E6-FE01B536D367} = {3023FBB6-E11D-458B-9DA1-53C760623876}
		{F5D31920-F7F7-4107-A1B8-0C9376E3ED57} = {3023FBB6-E11D-458B-9DA1-53C760623876}
		{6EE59380-74C7-4CEB-A6E7-FDE7DFE7106A} = {3023FBB6-E11D-458B-9DA1-53C760623876}
	EndGlobalSection
EndGlobal
